
Microsoft Visual Studio Solution File, Format Version 12.00
# Visual Studio Version 17
VisualStudioVersion = 17.5.002.0
MinimumVisualStudioVersion = 10.0.40219.1
Project("{9A19103F-16F7-4668-BE54-9A1E7A4F7556}") = "entity-framework", "src\EntityMvc\entity-framework.csproj", "{A38FB707-390D-4596-82A1-5B7C6EFCE552}"
EndProject
Project("{2150E333-8FDC-42A3-9474-1A3956D46DE8}") = "src", "src", "{625222E6-A8B4-4A51-B73B-4D81CB0EDC48}"
EndProject
Project("{2150E333-8FDC-42A3-9474-1A3956D46DE8}") = "EntityClientes", "EntityClientes", "{C16C9424-DD7E-4E82-A89C-E5BB8A5E62A0}"
EndProject
Project("{FAE04EC0-301F-11D3-BF4B-00C04F79EFBC}") = "Entity.Clientes.Data", "src\EntityClientes\Entity.Clientes.Data\Entity.Clientes.Data.csproj", "{0314252F-5DAA-4EB9-93D7-1FFAD25C38CA}"
EndProject
Project("{2150E333-8FDC-42A3-9474-1A3956D46DE8}") = "EntityProdutos", "EntityProdutos", "{94B03DF9-D43A-4888-B651-5D9C2F0D2697}"
EndProject
Project("{FAE04EC0-301F-11D3-BF4B-00C04F79EFBC}") = "Entity.Produtos.Data", "src\EntityProdutos\Entity.Produtos.Data\Entity.Produtos.Data.csproj", "{65A79745-2643-42B1-843F-226A87EEF4ED}"
EndProject
Project("{2150E333-8FDC-42A3-9474-1A3956D46DE8}") = "EntityPedidos", "EntityPedidos", "{B82DF75E-3320-46DD-96CA-5CC23E7420EC}"
EndProject
Project("{FAE04EC0-301F-11D3-BF4B-00C04F79EFBC}") = "Entity.Pedidos.Data", "src\EntityPedidos\Entity.Pedidos.Data\Entity.Pedidos.Data.csproj", "{A8505BBF-A833-4AAB-88F2-A35683B81027}"
EndProject
Global
	GlobalSection(SolutionConfigurationPlatforms) = preSolution
		Debug|Any CPU = Debug|Any CPU
		Release|Any CPU = Release|Any CPU
	EndGlobalSection
	GlobalSection(ProjectConfigurationPlatforms) = postSolution
		{A38FB707-390D-4596-82A1-5B7C6EFCE552}.Debug|Any CPU.ActiveCfg = Debug|Any CPU
		{A38FB707-390D-4596-82A1-5B7C6EFCE552}.Debug|Any CPU.Build.0 = Debug|Any CPU
		{A38FB707-390D-4596-82A1-5B7C6EFCE552}.Release|Any CPU.ActiveCfg = Release|Any CPU
		{A38FB707-390D-4596-82A1-5B7C6EFCE552}.Release|Any CPU.Build.0 = Release|Any CPU
		{54EA3263-0408-451D-BEF2-2DE4F38C89A0}.Debug|Any CPU.ActiveCfg = Debug|Any CPU
		{54EA3263-0408-451D-BEF2-2DE4F38C89A0}.Debug|Any CPU.Build.0 = Debug|Any CPU
		{54EA3263-0408-451D-BEF2-2DE4F38C89A0}.Release|Any CPU.ActiveCfg = Release|Any CPU
		{54EA3263-0408-451D-BEF2-2DE4F38C89A0}.Release|Any CPU.Build.0 = Release|Any CPU
		{0314252F-5DAA-4EB9-93D7-1FFAD25C38CA}.Debug|Any CPU.ActiveCfg = Debug|Any CPU
		{0314252F-5DAA-4EB9-93D7-1FFAD25C38CA}.Debug|Any CPU.Build.0 = Debug|Any CPU
		{0314252F-5DAA-4EB9-93D7-1FFAD25C38CA}.Release|Any CPU.ActiveCfg = Release|Any CPU
		{0314252F-5DAA-4EB9-93D7-1FFAD25C38CA}.Release|Any CPU.Build.0 = Release|Any CPU
		{65A79745-2643-42B1-843F-226A87EEF4ED}.Debug|Any CPU.ActiveCfg = Debug|Any CPU
		{65A79745-2643-42B1-843F-226A87EEF4ED}.Debug|Any CPU.Build.0 = Debug|Any CPU
		{65A79745-2643-42B1-843F-226A87EEF4ED}.Release|Any CPU.ActiveCfg = Release|Any CPU
		{65A79745-2643-42B1-843F-226A87EEF4ED}.Release|Any CPU.Build.0 = Release|Any CPU
		{A8505BBF-A833-4AAB-88F2-A35683B81027}.Debug|Any CPU.ActiveCfg = Debug|Any CPU
		{A8505BBF-A833-4AAB-88F2-A35683B81027}.Debug|Any CPU.Build.0 = Debug|Any CPU
		{A8505BBF-A833-4AAB-88F2-A35683B81027}.Release|Any CPU.ActiveCfg = Release|Any CPU
		{A8505BBF-A833-4AAB-88F2-A35683B81027}.Release|Any CPU.Build.0 = Release|Any CPU
	EndGlobalSection
	GlobalSection(SolutionProperties) = preSolution
		HideSolutionNode = FALSE
	EndGlobalSection
	GlobalSection(ExtensibilityGlobals) = postSolution
		SolutionGuid = {96D62B82-9C5A-4EA1-A242-E49F2947DB48}
	EndGlobalSection
	GlobalSection(NestedProjects) = preSolution
		{C16C9424-DD7E-4E82-A89C-E5BB8A5E62A0} = {625222E6-A8B4-4A51-B73B-4D81CB0EDC48}
		{0314252F-5DAA-4EB9-93D7-1FFAD25C38CA} = {C16C9424-DD7E-4E82-A89C-E5BB8A5E62A0}
		{94B03DF9-D43A-4888-B651-5D9C2F0D2697} = {625222E6-A8B4-4A51-B73B-4D81CB0EDC48}
		{65A79745-2643-42B1-843F-226A87EEF4ED} = {94B03DF9-D43A-4888-B651-5D9C2F0D2697}
		{B82DF75E-3320-46DD-96CA-5CC23E7420EC} = {625222E6-A8B4-4A51-B73B-4D81CB0EDC48}
		{A8505BBF-A833-4AAB-88F2-A35683B81027} = {B82DF75E-3320-46DD-96CA-5CC23E7420EC}
	EndGlobalSection
EndGlobal
