
Microsoft Visual Studio Solution File, Format Version 12.00
# Visual Studio Version 17
VisualStudioVersion = 17.5.002.0
MinimumVisualStudioVersion = 10.0.40219.1
Project("{9A19103F-16F7-4668-BE54-9A1E7A4F7556}") = "Entity.Pedidos.Application", "Entity.Pedidos.Application.csproj", "{42C6388C-F1DA-4596-BA95-14CF7C63366C}"
EndProject
Global
	GlobalSection(SolutionConfigurationPlatforms) = preSolution
		Debug|Any CPU = Debug|Any CPU
		Release|Any CPU = Release|Any CPU
	EndGlobalSection
	GlobalSection(ProjectConfigurationPlatforms) = postSolution
		{42C6388C-F1DA-4596-BA95-14CF7C63366C}.Debug|Any CPU.ActiveCfg = Debug|Any CPU
		{42C6388C-F1DA-4596-BA95-14CF7C63366C}.Debug|Any CPU.Build.0 = Debug|Any CPU
		{42C6388C-F1DA-4596-BA95-14CF7C63366C}.Release|Any CPU.ActiveCfg = Release|Any CPU
		{42C6388C-F1DA-4596-BA95-14CF7C63366C}.Release|Any CPU.Build.0 = Release|Any CPU
	EndGlobalSection
	GlobalSection(SolutionProperties) = preSolution
		HideSolutionNode = FALSE
	EndGlobalSection
	GlobalSection(ExtensibilityGlobals) = postSolution
		SolutionGuid = {0A39BEB0-94D2-4D0E-96B2-C76E031DE842}
	EndGlobalSection
EndGlobal
